
Microsoft Visual Studio Solution File, Format Version 12.00
# Visual Studio Version 17
VisualStudioVersion = 17.3.32922.545
MinimumVisualStudioVersion = 10.0.40219.1
Project("{FAE04EC0-301F-11D3-BF4B-00C04F79EFBC}") = "Evaluation Manager G09", "Evaluation Manager G09\Evaluation Manager G09.csproj", "{70FCEB17-9B60-46DD-9DE0-9C4AD2D36D45}"
EndProject
Global
	GlobalSection(SolutionConfigurationPlatforms) = preSolution
		Debug|Any CPU = Debug|Any CPU
		Release|Any CPU = Release|Any CPU
	EndGlobalSection
	GlobalSection(ProjectConfigurationPlatforms) = postSolution
		{70FCEB17-9B60-46DD-9DE0-9C4AD2D36D45}.Debug|Any CPU.ActiveCfg = Debug|Any CPU
		{70FCEB17-9B60-46DD-9DE0-9C4AD2D36D45}.Debug|Any CPU.Build.0 = Debug|Any CPU
		{70FCEB17-9B60-46DD-9DE0-9C4AD2D36D45}.Release|Any CPU.ActiveCfg = Release|Any CPU
		{70FCEB17-9B60-46DD-9DE0-9C4AD2D36D45}.Release|Any CPU.Build.0 = Release|Any CPU
	EndGlobalSection
	GlobalSection(SolutionProperties) = preSolution
		HideSolutionNode = FALSE
	EndGlobalSection
	GlobalSection(ExtensibilityGlobals) = postSolution
		SolutionGuid = {8EA771F2-4B07-4B85-8EAA-8194EA734198}
	EndGlobalSection
EndGlobal
